// !$*UTF8*$!
{
	archiveVersion = 1;
	classes = {
	};
	objectVersion = 56;
	objects = {

/* Begin PBXBuildFile section */
		03793EF92A9E6DC000965B37 /* AppDelegate.swift in Sources */ = {isa = PBXBuildFile; fileRef = 03793EF82A9E6DC000965B37 /* AppDelegate.swift */; };
		03793EFB2A9E6DC000965B37 /* SceneDelegate.swift in Sources */ = {isa = PBXBuildFile; fileRef = 03793EFA2A9E6DC000965B37 /* SceneDelegate.swift */; };
		03793EFD2A9E6DC000965B37 /* DashboardVC.swift in Sources */ = {isa = PBXBuildFile; fileRef = 03793EFC2A9E6DC000965B37 /* DashboardVC.swift */; };
		03793F002A9E6DC000965B37 /* Main.storyboard in Resources */ = {isa = PBXBuildFile; fileRef = 03793EFE2A9E6DC000965B37 /* Main.storyboard */; };
		03793F022A9E6DC200965B37 /* Assets.xcassets in Resources */ = {isa = PBXBuildFile; fileRef = 03793F012A9E6DC200965B37 /* Assets.xcassets */; };
		03793F052A9E6DC200965B37 /* LaunchScreen.storyboard in Resources */ = {isa = PBXBuildFile; fileRef = 03793F032A9E6DC200965B37 /* LaunchScreen.storyboard */; };
		03793F112A9E74F500965B37 /* CreateTaskVC.swift in Sources */ = {isa = PBXBuildFile; fileRef = 03793F102A9E74F500965B37 /* CreateTaskVC.swift */; };
		03793F132A9E755B00965B37 /* TaskNoteVC.swift in Sources */ = {isa = PBXBuildFile; fileRef = 03793F122A9E755B00965B37 /* TaskNoteVC.swift */; };
		03793F162A9E761F00965B37 /* DashboardViewModel.swift in Sources */ = {isa = PBXBuildFile; fileRef = 03793F152A9E761F00965B37 /* DashboardViewModel.swift */; };
		03793F182A9E768800965B37 /* UpdateViewModel.swift in Sources */ = {isa = PBXBuildFile; fileRef = 03793F172A9E768800965B37 /* UpdateViewModel.swift */; };
		03793F1C2A9E7C7D00965B37 /* CustomCell.swift in Sources */ = {isa = PBXBuildFile; fileRef = 03793F1B2A9E7C7D00965B37 /* CustomCell.swift */; };
		03793F1F2A9E7F6100965B37 /* BaseCell.swift in Sources */ = {isa = PBXBuildFile; fileRef = 03793F1E2A9E7F6100965B37 /* BaseCell.swift */; };
		03793F222A9E7F8200965B37 /* TaskModel.swift in Sources */ = {isa = PBXBuildFile; fileRef = 03793F212A9E7F8200965B37 /* TaskModel.swift */; };
		03793F252A9E7FBC00965B37 /* Extension.swift in Sources */ = {isa = PBXBuildFile; fileRef = 03793F242A9E7FBC00965B37 /* Extension.swift */; };
/* End PBXBuildFile section */

/* Begin PBXFileReference section */
		03793EF52A9E6DC000965B37 /* ToDO!.app */ = {isa = PBXFileReference; explicitFileType = wrapper.application; includeInIndex = 0; path = "ToDO!.app"; sourceTree = BUILT_PRODUCTS_DIR; };
		03793EF82A9E6DC000965B37 /* AppDelegate.swift */ = {isa = PBXFileReference; lastKnownFileType = sourcecode.swift; path = AppDelegate.swift; sourceTree = "<group>"; };
		03793EFA2A9E6DC000965B37 /* SceneDelegate.swift */ = {isa = PBXFileReference; lastKnownFileType = sourcecode.swift; path = SceneDelegate.swift; sourceTree = "<group>"; };
		03793EFC2A9E6DC000965B37 /* DashboardVC.swift */ = {isa = PBXFileReference; lastKnownFileType = sourcecode.swift; path = DashboardVC.swift; sourceTree = "<group>"; };
		03793EFF2A9E6DC000965B37 /* Base */ = {isa = PBXFileReference; lastKnownFileType = file.storyboard; name = Base; path = Base.lproj/Main.storyboard; sourceTree = "<group>"; };
		03793F012A9E6DC200965B37 /* Assets.xcassets */ = {isa = PBXFileReference; lastKnownFileType = folder.assetcatalog; path = Assets.xcassets; sourceTree = "<group>"; };
		03793F042A9E6DC200965B37 /* Base */ = {isa = PBXFileReference; lastKnownFileType = file.storyboard; name = Base; path = Base.lproj/LaunchScreen.storyboard; sourceTree = "<group>"; };
		03793F062A9E6DC200965B37 /* Info.plist */ = {isa = PBXFileReference; lastKnownFileType = text.plist.xml; path = Info.plist; sourceTree = "<group>"; };
		03793F102A9E74F500965B37 /* CreateTaskVC.swift */ = {isa = PBXFileReference; lastKnownFileType = sourcecode.swift; path = CreateTaskVC.swift; sourceTree = "<group>"; };
		03793F122A9E755B00965B37 /* TaskNoteVC.swift */ = {isa = PBXFileReference; lastKnownFileType = sourcecode.swift; path = TaskNoteVC.swift; sourceTree = "<group>"; };
		03793F152A9E761F00965B37 /* DashboardViewModel.swift */ = {isa = PBXFileReference; lastKnownFileType = sourcecode.swift; path = DashboardViewModel.swift; sourceTree = "<group>"; };
		03793F172A9E768800965B37 /* UpdateViewModel.swift */ = {isa = PBXFileReference; lastKnownFileType = sourcecode.swift; path = UpdateViewModel.swift; sourceTree = "<group>"; };
		03793F1B2A9E7C7D00965B37 /* CustomCell.swift */ = {isa = PBXFileReference; lastKnownFileType = sourcecode.swift; path = CustomCell.swift; sourceTree = "<group>"; };
		03793F1E2A9E7F6100965B37 /* BaseCell.swift */ = {isa = PBXFileReference; lastKnownFileType = sourcecode.swift; path = BaseCell.swift; sourceTree = "<group>"; };
		03793F212A9E7F8200965B37 /* TaskModel.swift */ = {isa = PBXFileReference; lastKnownFileType = sourcecode.swift; path = TaskModel.swift; sourceTree = "<group>"; };
		03793F242A9E7FBC00965B37 /* Extension.swift */ = {isa = PBXFileReference; lastKnownFileType = sourcecode.swift; path = Extension.swift; sourceTree = "<group>"; };
/* End PBXFileReference section */

/* Begin PBXFrameworksBuildPhase section */
		03793EF22A9E6DC000965B37 /* Frameworks */ = {
			isa = PBXFrameworksBuildPhase;
			buildActionMask = 2147483647;
			files = (
			);
			runOnlyForDeploymentPostprocessing = 0;
		};
/* End PBXFrameworksBuildPhase section */

/* Begin PBXGroup section */
		03793EEC2A9E6DC000965B37 = {
			isa = PBXGroup;
			children = (
				03793EF72A9E6DC000965B37 /* ToDO! */,
				03793EF62A9E6DC000965B37 /* Products */,
			);
			sourceTree = "<group>";
		};
		03793EF62A9E6DC000965B37 /* Products */ = {
			isa = PBXGroup;
			children = (
				03793EF52A9E6DC000965B37 /* ToDO!.app */,
			);
			name = Products;
			sourceTree = "<group>";
		};
		03793EF72A9E6DC000965B37 /* ToDO! */ = {
			isa = PBXGroup;
			children = (
				03793F0D2A9E6E8800965B37 /* Controller */,
				03793F142A9E75FC00965B37 /* ViewModel */,
				03793F192A9E7C5900965B37 /* View */,
				03793F202A9E7F6F00965B37 /* Model */,
				03793F1D2A9E7F5300965B37 /* Base */,
				03793F232A9E7FA200965B37 /* Helpers */,
				03793F0C2A9E6E5200965B37 /* App */,
			);
			path = "ToDO!";
			sourceTree = "<group>";
		};
		03793F0C2A9E6E5200965B37 /* App */ = {
			isa = PBXGroup;
			children = (
				03793EF82A9E6DC000965B37 /* AppDelegate.swift */,
				03793EFA2A9E6DC000965B37 /* SceneDelegate.swift */,
				03793EFE2A9E6DC000965B37 /* Main.storyboard */,
				03793F062A9E6DC200965B37 /* Info.plist */,
				03793F012A9E6DC200965B37 /* Assets.xcassets */,
				03793F032A9E6DC200965B37 /* LaunchScreen.storyboard */,
			);
			path = App;
			sourceTree = "<group>";
		};
		03793F0D2A9E6E8800965B37 /* Controller */ = {
			isa = PBXGroup;
			children = (
				03793EFC2A9E6DC000965B37 /* DashboardVC.swift */,
				03793F102A9E74F500965B37 /* CreateTaskVC.swift */,
				03793F122A9E755B00965B37 /* TaskNoteVC.swift */,
			);
			path = Controller;
			sourceTree = "<group>";
		};
		03793F142A9E75FC00965B37 /* ViewModel */ = {
			isa = PBXGroup;
			children = (
				03793F152A9E761F00965B37 /* DashboardViewModel.swift */,
				03793F172A9E768800965B37 /* UpdateViewModel.swift */,
			);
			path = ViewModel;
			sourceTree = "<group>";
		};
		03793F192A9E7C5900965B37 /* View */ = {
			isa = PBXGroup;
			children = (
				03793F1A2A9E7C5D00965B37 /* Cell */,
			);
			path = View;
			sourceTree = "<group>";
		};
		03793F1A2A9E7C5D00965B37 /* Cell */ = {
			isa = PBXGroup;
			children = (
				03793F1B2A9E7C7D00965B37 /* CustomCell.swift */,
			);
			path = Cell;
			sourceTree = "<group>";
		};
		03793F1D2A9E7F5300965B37 /* Base */ = {
			isa = PBXGroup;
			children = (
				03793F1E2A9E7F6100965B37 /* BaseCell.swift */,
			);
			path = Base;
			sourceTree = "<group>";
		};
		03793F202A9E7F6F00965B37 /* Model */ = {
			isa = PBXGroup;
			children = (
				03793F212A9E7F8200965B37 /* TaskModel.swift */,
			);
			path = Model;
			sourceTree = "<group>";
		};
		03793F232A9E7FA200965B37 /* Helpers */ = {
			isa = PBXGroup;
			children = (
				03793F242A9E7FBC00965B37 /* Extension.swift */,
			);
			path = Helpers;
			sourceTree = "<group>";
		};
/* End PBXGroup section */

/* Begin PBXNativeTarget section */
		03793EF42A9E6DC000965B37 /* ToDO! */ = {
			isa = PBXNativeTarget;
			buildConfigurationList = 03793F092A9E6DC200965B37 /* Build configuration list for PBXNativeTarget "ToDO!" */;
			buildPhases = (
				03793EF12A9E6DC000965B37 /* Sources */,
				03793EF22A9E6DC000965B37 /* Frameworks */,
				03793EF32A9E6DC000965B37 /* Resources */,
			);
			buildRules = (
			);
			dependencies = (
			);
			name = "ToDO!";
			productName = "ToDO!";
			productReference = 03793EF52A9E6DC000965B37 /* ToDO!.app */;
			productType = "com.apple.product-type.application";
		};
/* End PBXNativeTarget section */

/* Begin PBXProject section */
		03793EED2A9E6DC000965B37 /* Project object */ = {
			isa = PBXProject;
			attributes = {
				BuildIndependentTargetsInParallel = 1;
				LastSwiftUpdateCheck = 1430;
				LastUpgradeCheck = 1430;
				TargetAttributes = {
					03793EF42A9E6DC000965B37 = {
						CreatedOnToolsVersion = 14.3;
					};
				};
			};
			buildConfigurationList = 03793EF02A9E6DC000965B37 /* Build configuration list for PBXProject "ToDO!" */;
			compatibilityVersion = "Xcode 14.0";
			developmentRegion = en;
			hasScannedForEncodings = 0;
			knownRegions = (
				en,
				Base,
			);
			mainGroup = 03793EEC2A9E6DC000965B37;
			productRefGroup = 03793EF62A9E6DC000965B37 /* Products */;
			projectDirPath = "";
			projectRoot = "";
			targets = (
				03793EF42A9E6DC000965B37 /* ToDO! */,
			);
		};
/* End PBXProject section */

/* Begin PBXResourcesBuildPhase section */
		03793EF32A9E6DC000965B37 /* Resources */ = {
			isa = PBXResourcesBuildPhase;
			buildActionMask = 2147483647;
			files = (
				03793F052A9E6DC200965B37 /* LaunchScreen.storyboard in Resources */,
				03793F022A9E6DC200965B37 /* Assets.xcassets in Resources */,
				03793F002A9E6DC000965B37 /* Main.storyboard in Resources */,
			);
			runOnlyForDeploymentPostprocessing = 0;
		};
/* End PBXResourcesBuildPhase section */

/* Begin PBXSourcesBuildPhase section */
		03793EF12A9E6DC000965B37 /* Sources */ = {
			isa = PBXSourcesBuildPhase;
			buildActionMask = 2147483647;
			files = (
				03793F182A9E768800965B37 /* UpdateViewModel.swift in Sources */,
				03793EFD2A9E6DC000965B37 /* DashboardVC.swift in Sources */,
				03793F222A9E7F8200965B37 /* TaskModel.swift in Sources */,
				03793F112A9E74F500965B37 /* CreateTaskVC.swift in Sources */,
				03793F252A9E7FBC00965B37 /* Extension.swift in Sources */,
				03793EF92A9E6DC000965B37 /* AppDelegate.swift in Sources */,
				03793F1F2A9E7F6100965B37 /* BaseCell.swift in Sources */,
				03793F162A9E761F00965B37 /* DashboardViewModel.swift in Sources */,
				03793EFB2A9E6DC000965B37 /* SceneDelegate.swift in Sources */,
				03793F1C2A9E7C7D00965B37 /* CustomCell.swift in Sources */,
				03793F132A9E755B00965B37 /* TaskNoteVC.swift in Sources */,
			);
			runOnlyForDeploymentPostprocessing = 0;
		};
/* End PBXSourcesBuildPhase section */

/* Begin PBXVariantGroup section */
		03793EFE2A9E6DC000965B37 /* Main.storyboard */ = {
			isa = PBXVariantGroup;
			children = (
				03793EFF2A9E6DC000965B37 /* Base */,
			);
			name = Main.storyboard;
			sourceTree = "<group>";
		};
		03793F032A9E6DC200965B37 /* LaunchScreen.storyboard */ = {
			isa = PBXVariantGroup;
			children = (
				03793F042A9E6DC200965B37 /* Base */,
			);
			name = LaunchScreen.storyboard;
			sourceTree = "<group>";
		};
/* End PBXVariantGroup section */

/* Begin XCBuildConfiguration section */
		03793F072A9E6DC200965B37 /* Debug */ = {
			isa = XCBuildConfiguration;
			buildSettings = {
				ALWAYS_SEARCH_USER_PATHS = NO;
				CLANG_ANALYZER_NONNULL = YES;
				CLANG_ANALYZER_NUMBER_OBJECT_CONVERSION = YES_AGGRESSIVE;
				CLANG_CXX_LANGUAGE_STANDARD = "gnu++20";
				CLANG_ENABLE_MODULES = YES;
				CLANG_ENABLE_OBJC_ARC = YES;
				CLANG_ENABLE_OBJC_WEAK = YES;
				CLANG_WARN_BLOCK_CAPTURE_AUTORELEASING = YES;
				CLANG_WARN_BOOL_CONVERSION = YES;
				CLANG_WARN_COMMA = YES;
				CLANG_WARN_CONSTANT_CONVERSION = YES;
				CLANG_WARN_DEPRECATED_OBJC_IMPLEMENTATIONS = YES;
				CLANG_WARN_DIRECT_OBJC_ISA_USAGE = YES_ERROR;
				CLANG_WARN_DOCUMENTATION_COMMENTS = YES;
				CLANG_WARN_EMPTY_BODY = YES;
				CLANG_WARN_ENUM_CONVERSION = YES;
				CLANG_WARN_INFINITE_RECURSION = YES;
				CLANG_WARN_INT_CONVERSION = YES;
				CLANG_WARN_NON_LITERAL_NULL_CONVERSION = YES;
				CLANG_WARN_OBJC_IMPLICIT_RETAIN_SELF = YES;
				CLANG_WARN_OBJC_LITERAL_CONVERSION = YES;
				CLANG_WARN_OBJC_ROOT_CLASS = YES_ERROR;
				CLANG_WARN_QUOTED_INCLUDE_IN_FRAMEWORK_HEADER = YES;
				CLANG_WARN_RANGE_LOOP_ANALYSIS = YES;
				CLANG_WARN_STRICT_PROTOTYPES = YES;
				CLANG_WARN_SUSPICIOUS_MOVE = YES;
				CLANG_WARN_UNGUARDED_AVAILABILITY = YES_AGGRESSIVE;
				CLANG_WARN_UNREACHABLE_CODE = YES;
				CLANG_WARN__DUPLICATE_METHOD_MATCH = YES;
				COPY_PHASE_STRIP = NO;
				DEBUG_INFORMATION_FORMAT = dwarf;
				ENABLE_STRICT_OBJC_MSGSEND = YES;
				ENABLE_TESTABILITY = YES;
				GCC_C_LANGUAGE_STANDARD = gnu11;
				GCC_DYNAMIC_NO_PIC = NO;
				GCC_NO_COMMON_BLOCKS = YES;
				GCC_OPTIMIZATION_LEVEL = 0;
				GCC_PREPROCESSOR_DEFINITIONS = (
					"DEBUG=1",
					"$(inherited)",
				);
				GCC_WARN_64_TO_32_BIT_CONVERSION = YES;
				GCC_WARN_ABOUT_RETURN_TYPE = YES_ERROR;
				GCC_WARN_UNDECLARED_SELECTOR = YES;
				GCC_WARN_UNINITIALIZED_AUTOS = YES_AGGRESSIVE;
				GCC_WARN_UNUSED_FUNCTION = YES;
				GCC_WARN_UNUSED_VARIABLE = YES;
				IPHONEOS_DEPLOYMENT_TARGET = 15.5;
				MTL_ENABLE_DEBUG_INFO = INCLUDE_SOURCE;
				MTL_FAST_MATH = YES;
				ONLY_ACTIVE_ARCH = YES;
				SDKROOT = iphoneos;
				SWIFT_ACTIVE_COMPILATION_CONDITIONS = DEBUG;
				SWIFT_OPTIMIZATION_LEVEL = "-Onone";
			};
			name = Debug;
		};
		03793F082A9E6DC200965B37 /* Release */ = {
			isa = XCBuildConfiguration;
			buildSettings = {
				ALWAYS_SEARCH_USER_PATHS = NO;
				CLANG_ANALYZER_NONNULL = YES;
				CLANG_ANALYZER_NUMBER_OBJECT_CONVERSION = YES_AGGRESSIVE;
				CLANG_CXX_LANGUAGE_STANDARD = "gnu++20";
				CLANG_ENABLE_MODULES = YES;
				CLANG_ENABLE_OBJC_ARC = YES;
				CLANG_ENABLE_OBJC_WEAK = YES;
				CLANG_WARN_BLOCK_CAPTURE_AUTORELEASING = YES;
				CLANG_WARN_BOOL_CONVERSION = YES;
				CLANG_WARN_COMMA = YES;
				CLANG_WARN_CONSTANT_CONVERSION = YES;
				CLANG_WARN_DEPRECATED_OBJC_IMPLEMENTATIONS = YES;
				CLANG_WARN_DIRECT_OBJC_ISA_USAGE = YES_ERROR;
				CLANG_WARN_DOCUMENTATION_COMMENTS = YES;
				CLANG_WARN_EMPTY_BODY = YES;
				CLANG_WARN_ENUM_CONVERSION = YES;
				CLANG_WARN_INFINITE_RECURSION = YES;
				CLANG_WARN_INT_CONVERSION = YES;
				CLANG_WARN_NON_LITERAL_NULL_CONVERSION = YES;
				CLANG_WARN_OBJC_IMPLICIT_RETAIN_SELF = YES;
				CLANG_WARN_OBJC_LITERAL_CONVERSION = YES;
				CLANG_WARN_OBJC_ROOT_CLASS = YES_ERROR;
				CLANG_WARN_QUOTED_INCLUDE_IN_FRAMEWORK_HEADER = YES;
				CLANG_WARN_RANGE_LOOP_ANALYSIS = YES;
				CLANG_WARN_STRICT_PROTOTYPES = YES;
				CLANG_WARN_SUSPICIOUS_MOVE = YES;
				CLANG_WARN_UNGUARDED_AVAILABILITY = YES_AGGRESSIVE;
				CLANG_WARN_UNREACHABLE_CODE = YES;
				CLANG_WARN__DUPLICATE_METHOD_MATCH = YES;
				COPY_PHASE_STRIP = NO;
				DEBUG_INFORMATION_FORMAT = "dwarf-with-dsym";
				ENABLE_NS_ASSERTIONS = NO;
				ENABLE_STRICT_OBJC_MSGSEND = YES;
				GCC_C_LANGUAGE_STANDARD = gnu11;
				GCC_NO_COMMON_BLOCKS = YES;
				GCC_WARN_64_TO_32_BIT_CONVERSION = YES;
				GCC_WARN_ABOUT_RETURN_TYPE = YES_ERROR;
				GCC_WARN_UNDECLARED_SELECTOR = YES;
				GCC_WARN_UNINITIALIZED_AUTOS = YES_AGGRESSIVE;
				GCC_WARN_UNUSED_FUNCTION = YES;
				GCC_WARN_UNUSED_VARIABLE = YES;
				IPHONEOS_DEPLOYMENT_TARGET = 15.5;
				MTL_ENABLE_DEBUG_INFO = NO;
				MTL_FAST_MATH = YES;
				SDKROOT = iphoneos;
				SWIFT_COMPILATION_MODE = wholemodule;
				SWIFT_OPTIMIZATION_LEVEL = "-O";
				VALIDATE_PRODUCT = YES;
			};
			name = Release;
		};
		03793F0A2A9E6DC200965B37 /* Debug */ = {
			isa = XCBuildConfiguration;
			buildSettings = {
				ASSETCATALOG_COMPILER_APPICON_NAME = AppIcon;
				ASSETCATALOG_COMPILER_GLOBAL_ACCENT_COLOR_NAME = AccentColor;
				CODE_SIGN_STYLE = Automatic;
				CURRENT_PROJECT_VERSION = 1;
				DEVELOPMENT_TEAM = JMX62HVZL7;
				GENERATE_INFOPLIST_FILE = YES;
				INFOPLIST_FILE = "ToDO!/App/Info.plist";
				INFOPLIST_KEY_UIApplicationSupportsIndirectInputEvents = YES;
				INFOPLIST_KEY_UILaunchStoryboardName = LaunchScreen;
				INFOPLIST_KEY_UIMainStoryboardFile = Main;
				INFOPLIST_KEY_UISupportedInterfaceOrientations = UIInterfaceOrientationPortrait;
				INFOPLIST_KEY_UISupportedInterfaceOrientations_iPad = "UIInterfaceOrientationLandscapeLeft UIInterfaceOrientationLandscapeRight UIInterfaceOrientationPortrait UIInterfaceOrientationPortraitUpsideDown";
				LD_RUNPATH_SEARCH_PATHS = (
					"$(inherited)",
					"@executable_path/Frameworks",
				);
				MARKETING_VERSION = 1.0;
				PRODUCT_BUNDLE_IDENTIFIER = "com.sabir.ToDO-";
				PRODUCT_NAME = "$(TARGET_NAME)";
				SUPPORTED_PLATFORMS = "iphoneos iphonesimulator";
				SUPPORTS_MACCATALYST = NO;
				SUPPORTS_MAC_DESIGNED_FOR_IPHONE_IPAD = NO;
				SWIFT_EMIT_LOC_STRINGS = YES;
				SWIFT_VERSION = 5.0;
				TARGETED_DEVICE_FAMILY = 1;
			};
			name = Debug;
		};
		03793F0B2A9E6DC200965B37 /* Release */ = {
			isa = XCBuildConfiguration;
			buildSettings = {
				ASSETCATALOG_COMPILER_APPICON_NAME = AppIcon;
				ASSETCATALOG_COMPILER_GLOBAL_ACCENT_COLOR_NAME = AccentColor;
				CODE_SIGN_STYLE = Automatic;
				CURRENT_PROJECT_VERSION = 1;
				DEVELOPMENT_TEAM = JMX62HVZL7;
				GENERATE_INFOPLIST_FILE = YES;
				INFOPLIST_FILE = "ToDO!/App/Info.plist";
				INFOPLIST_KEY_UIApplicationSupportsIndirectInputEvents = YES;
				INFOPLIST_KEY_UILaunchStoryboardName = LaunchScreen;
				INFOPLIST_KEY_UIMainStoryboardFile = Main;
				INFOPLIST_KEY_UISupportedInterfaceOrientations = UIInterfaceOrientationPortrait;
				INFOPLIST_KEY_UISupportedInterfaceOrientations_iPad = "UIInterfaceOrientationLandscapeLeft UIInterfaceOrientationLandscapeRight UIInterfaceOrientationPortrait UIInterfaceOrientationPortraitUpsideDown";
				LD_RUNPATH_SEARCH_PATHS = (
					"$(inherited)",
					"@executable_path/Frameworks",
				);
				MARKETING_VERSION = 1.0;
				PRODUCT_BUNDLE_IDENTIFIER = "com.sabir.ToDO-";
				PRODUCT_NAME = "$(TARGET_NAME)";
				SUPPORTED_PLATFORMS = "iphoneos iphonesimulator";
				SUPPORTS_MACCATALYST = NO;
				SUPPORTS_MAC_DESIGNED_FOR_IPHONE_IPAD = NO;
				SWIFT_EMIT_LOC_STRINGS = YES;
				SWIFT_VERSION = 5.0;
				TARGETED_DEVICE_FAMILY = 1;
			};
			name = Release;
		};
/* End XCBuildConfiguration section */

/* Begin XCConfigurationList section */
		03793EF02A9E6DC000965B37 /* Build configuration list for PBXProject "ToDO!" */ = {
			isa = XCConfigurationList;
			buildConfigurations = (
				03793F072A9E6DC200965B37 /* Debug */,
				03793F082A9E6DC200965B37 /* Release */,
			);
			defaultConfigurationIsVisible = 0;
			defaultConfigurationName = Release;
		};
		03793F092A9E6DC200965B37 /* Build configuration list for PBXNativeTarget "ToDO!" */ = {
			isa = XCConfigurationList;
			buildConfigurations = (
				03793F0A2A9E6DC200965B37 /* Debug */,
				03793F0B2A9E6DC200965B37 /* Release */,
			);
			defaultConfigurationIsVisible = 0;
			defaultConfigurationName = Release;
		};
/* End XCConfigurationList section */
	};
	rootObject = 03793EED2A9E6DC000965B37 /* Project object */;
}
